
Microsoft Visual Studio Solution File, Format Version 12.00
# Visual Studio Version 17
VisualStudioVersion = 17.9.34728.123
MinimumVisualStudioVersion = 10.0.40219.1
Project("{8BC9CEB8-8B4A-11D0-8D11-00A0C91BC942}") = "Program", "Program.vcxproj", "{29D7C755-ADA2-4FF9-8D18-214FC6B23C53}"
EndProject
Project("{8BC9CEB8-8B4A-11D0-8D11-00A0C91BC942}") = "Class1th (Single Linked List)", "..\Class1th (Single Linked List)\Class1th (Single Linked List).vcxproj", "{64F0FFAD-724E-42D3-9F10-BF0E482A1DFD}"
EndProject
Project("{8BC9CEB8-8B4A-11D0-8D11-00A0C91BC942}") = "Class2th (Double Linked List)", "..\Class2th (Double Linked List)\Class2th (Double Linked List).vcxproj", "{037CA06F-F0D5-425B-80AA-4A7F43314698}"
EndProject
Project("{8BC9CEB8-8B4A-11D0-8D11-00A0C91BC942}") = "Class3th (Circle Linked List)", "..\Class3th (Circle Linked List)\Class3th (Circle Linked List).vcxproj", "{31A9DADD-219C-4161-94B5-C53815092720}"
EndProject
Project("{8BC9CEB8-8B4A-11D0-8D11-00A0C91BC942}") = "Class4th (Vector)", "..\Class4th (Vector)\Class4th (Vector).vcxproj", "{0D966107-293B-42CF-A1C0-BB21C2204393}"
EndProject
Project("{8BC9CEB8-8B4A-11D0-8D11-00A0C91BC942}") = "Class5th (Stack)", "..\Class5th (Stack)\Class5th (Stack).vcxproj", "{361056B1-F4F8-4563-9E9F-5F0BAEFA49AE}"
EndProject
Project("{8BC9CEB8-8B4A-11D0-8D11-00A0C91BC942}") = "Class6th (Linear Queue)", "..\Class6th (Linear Queue)\Class6th (Linear Queue).vcxproj", "{643BF18F-275F-46B0-8F09-0BE6F7BA9DA0}"
EndProject
Project("{8BC9CEB8-8B4A-11D0-8D11-00A0C91BC942}") = "Class7th (Circle Queue)", "..\Class7th (Circle Queue)\Class7th (Circle Queue).vcxproj", "{32BC27E4-E95C-4363-A0BE-F03F7067992D}"
EndProject
Project("{8BC9CEB8-8B4A-11D0-8D11-00A0C91BC942}") = "Class8th (Priority Queue)", "..\Class8th (Priority Queue)\Class8th (Priority Queue).vcxproj", "{F9BDAE50-414B-473E-969D-D493781B02FE}"
EndProject
Project("{8BC9CEB8-8B4A-11D0-8D11-00A0C91BC942}") = "Class9th (Hash Table)", "..\Class9th (Hash Table)\Class9th (Hash Table).vcxproj", "{742548A9-663B-41F0-82A8-04598AF95A34}"
EndProject
Project("{8BC9CEB8-8B4A-11D0-8D11-00A0C91BC942}") = "Class10th (Adjacency Matrix)", "..\Class10th (Adjacency Matrix)\Class10th (Adjacency Matrix).vcxproj", "{EFB672A4-FDC1-41D4-A7F2-1D488FFF8C42}"
EndProject
Project("{8BC9CEB8-8B4A-11D0-8D11-00A0C91BC942}") = "Class11th (Adjacency List)", "..\Class11th (Adjacency List)\Class11th (Adjacency List).vcxproj", "{50D8337B-ADC9-4F72-8D8A-41271254763B}"
EndProject
Project("{8BC9CEB8-8B4A-11D0-8D11-00A0C91BC942}") = "Class12th (Binary Search Tree)", "..\Class12th (Binary Search Tree)\Class12th (Binary Search Tree).vcxproj", "{79D38267-5A31-44C2-9D51-05F74171BB14}"
EndProject
Global
	GlobalSection(SolutionConfigurationPlatforms) = preSolution
		Debug|x64 = Debug|x64
		Debug|x86 = Debug|x86
		Release|x64 = Release|x64
		Release|x86 = Release|x86
	EndGlobalSection
	GlobalSection(ProjectConfigurationPlatforms) = postSolution
		{29D7C755-ADA2-4FF9-8D18-214FC6B23C53}.Debug|x64.ActiveCfg = Debug|x64
		{29D7C755-ADA2-4FF9-8D18-214FC6B23C53}.Debug|x64.Build.0 = Debug|x64
		{29D7C755-ADA2-4FF9-8D18-214FC6B23C53}.Debug|x86.ActiveCfg = Debug|Win32
		{29D7C755-ADA2-4FF9-8D18-214FC6B23C53}.Debug|x86.Build.0 = Debug|Win32
		{29D7C755-ADA2-4FF9-8D18-214FC6B23C53}.Release|x64.ActiveCfg = Release|x64
		{29D7C755-ADA2-4FF9-8D18-214FC6B23C53}.Release|x64.Build.0 = Release|x64
		{29D7C755-ADA2-4FF9-8D18-214FC6B23C53}.Release|x86.ActiveCfg = Release|Win32
		{29D7C755-ADA2-4FF9-8D18-214FC6B23C53}.Release|x86.Build.0 = Release|Win32
		{64F0FFAD-724E-42D3-9F10-BF0E482A1DFD}.Debug|x64.ActiveCfg = Debug|x64
		{64F0FFAD-724E-42D3-9F10-BF0E482A1DFD}.Debug|x64.Build.0 = Debug|x64
		{64F0FFAD-724E-42D3-9F10-BF0E482A1DFD}.Debug|x86.ActiveCfg = Debug|Win32
		{64F0FFAD-724E-42D3-9F10-BF0E482A1DFD}.Debug|x86.Build.0 = Debug|Win32
		{64F0FFAD-724E-42D3-9F10-BF0E482A1DFD}.Release|x64.ActiveCfg = Release|x64
		{64F0FFAD-724E-42D3-9F10-BF0E482A1DFD}.Release|x64.Build.0 = Release|x64
		{64F0FFAD-724E-42D3-9F10-BF0E482A1DFD}.Release|x86.ActiveCfg = Release|Win32
		{64F0FFAD-724E-42D3-9F10-BF0E482A1DFD}.Release|x86.Build.0 = Release|Win32
		{037CA06F-F0D5-425B-80AA-4A7F43314698}.Debug|x64.ActiveCfg = Debug|x64
		{037CA06F-F0D5-425B-80AA-4A7F43314698}.Debug|x64.Build.0 = Debug|x64
		{037CA06F-F0D5-425B-80AA-4A7F43314698}.Debug|x86.ActiveCfg = Debug|Win32
		{037CA06F-F0D5-425B-80AA-4A7F43314698}.Debug|x86.Build.0 = Debug|Win32
		{037CA06F-F0D5-425B-80AA-4A7F43314698}.Release|x64.ActiveCfg = Release|x64
		{037CA06F-F0D5-425B-80AA-4A7F43314698}.Release|x64.Build.0 = Release|x64
		{037CA06F-F0D5-425B-80AA-4A7F43314698}.Release|x86.ActiveCfg = Release|Win32
		{037CA06F-F0D5-425B-80AA-4A7F43314698}.Release|x86.Build.0 = Release|Win32
		{31A9DADD-219C-4161-94B5-C53815092720}.Debug|x64.ActiveCfg = Debug|x64
		{31A9DADD-219C-4161-94B5-C53815092720}.Debug|x64.Build.0 = Debug|x64
		{31A9DADD-219C-4161-94B5-C53815092720}.Debug|x86.ActiveCfg = Debug|Win32
		{31A9DADD-219C-4161-94B5-C53815092720}.Debug|x86.Build.0 = Debug|Win32
		{31A9DADD-219C-4161-94B5-C53815092720}.Release|x64.ActiveCfg = Release|x64
		{31A9DADD-219C-4161-94B5-C53815092720}.Release|x64.Build.0 = Release|x64
		{31A9DADD-219C-4161-94B5-C53815092720}.Release|x86.ActiveCfg = Release|Win32
		{31A9DADD-219C-4161-94B5-C53815092720}.Release|x86.Build.0 = Release|Win32
		{0D966107-293B-42CF-A1C0-BB21C2204393}.Debug|x64.ActiveCfg = Debug|x64
		{0D966107-293B-42CF-A1C0-BB21C2204393}.Debug|x64.Build.0 = Debug|x64
		{0D966107-293B-42CF-A1C0-BB21C2204393}.Debug|x86.ActiveCfg = Debug|Win32
		{0D966107-293B-42CF-A1C0-BB21C2204393}.Debug|x86.Build.0 = Debug|Win32
		{0D966107-293B-42CF-A1C0-BB21C2204393}.Release|x64.ActiveCfg = Release|x64
		{0D966107-293B-42CF-A1C0-BB21C2204393}.Release|x64.Build.0 = Release|x64
		{0D966107-293B-42CF-A1C0-BB21C2204393}.Release|x86.ActiveCfg = Release|Win32
		{0D966107-293B-42CF-A1C0-BB21C2204393}.Release|x86.Build.0 = Release|Win32
		{361056B1-F4F8-4563-9E9F-5F0BAEFA49AE}.Debug|x64.ActiveCfg = Debug|x64
		{361056B1-F4F8-4563-9E9F-5F0BAEFA49AE}.Debug|x64.Build.0 = Debug|x64
		{361056B1-F4F8-4563-9E9F-5F0BAEFA49AE}.Debug|x86.ActiveCfg = Debug|Win32
		{361056B1-F4F8-4563-9E9F-5F0BAEFA49AE}.Debug|x86.Build.0 = Debug|Win32
		{361056B1-F4F8-4563-9E9F-5F0BAEFA49AE}.Release|x64.ActiveCfg = Release|x64
		{361056B1-F4F8-4563-9E9F-5F0BAEFA49AE}.Release|x64.Build.0 = Release|x64
		{361056B1-F4F8-4563-9E9F-5F0BAEFA49AE}.Release|x86.ActiveCfg = Release|Win32
		{361056B1-F4F8-4563-9E9F-5F0BAEFA49AE}.Release|x86.Build.0 = Release|Win32
		{643BF18F-275F-46B0-8F09-0BE6F7BA9DA0}.Debug|x64.ActiveCfg = Debug|x64
		{643BF18F-275F-46B0-8F09-0BE6F7BA9DA0}.Debug|x64.Build.0 = Debug|x64
		{643BF18F-275F-46B0-8F09-0BE6F7BA9DA0}.Debug|x86.ActiveCfg = Debug|Win32
		{643BF18F-275F-46B0-8F09-0BE6F7BA9DA0}.Debug|x86.Build.0 = Debug|Win32
		{643BF18F-275F-46B0-8F09-0BE6F7BA9DA0}.Release|x64.ActiveCfg = Release|x64
		{643BF18F-275F-46B0-8F09-0BE6F7BA9DA0}.Release|x64.Build.0 = Release|x64
		{643BF18F-275F-46B0-8F09-0BE6F7BA9DA0}.Release|x86.ActiveCfg = Release|Win32
		{643BF18F-275F-46B0-8F09-0BE6F7BA9DA0}.Release|x86.Build.0 = Release|Win32
		{32BC27E4-E95C-4363-A0BE-F03F7067992D}.Debug|x64.ActiveCfg = Debug|x64
		{32BC27E4-E95C-4363-A0BE-F03F7067992D}.Debug|x64.Build.0 = Debug|x64
		{32BC27E4-E95C-4363-A0BE-F03F7067992D}.Debug|x86.ActiveCfg = Debug|Win32
		{32BC27E4-E95C-4363-A0BE-F03F7067992D}.Debug|x86.Build.0 = Debug|Win32
		{32BC27E4-E95C-4363-A0BE-F03F7067992D}.Release|x64.ActiveCfg = Release|x64
		{32BC27E4-E95C-4363-A0BE-F03F7067992D}.Release|x64.Build.0 = Release|x64
		{32BC27E4-E95C-4363-A0BE-F03F7067992D}.Release|x86.ActiveCfg = Release|Win32
		{32BC27E4-E95C-4363-A0BE-F03F7067992D}.Release|x86.Build.0 = Release|Win32
		{F9BDAE50-414B-473E-969D-D493781B02FE}.Debug|x64.ActiveCfg = Debug|x64
		{F9BDAE50-414B-473E-969D-D493781B02FE}.Debug|x64.Build.0 = Debug|x64
		{F9BDAE50-414B-473E-969D-D493781B02FE}.Debug|x86.ActiveCfg = Debug|Win32
		{F9BDAE50-414B-473E-969D-D493781B02FE}.Debug|x86.Build.0 = Debug|Win32
		{F9BDAE50-414B-473E-969D-D493781B02FE}.Release|x64.ActiveCfg = Release|x64
		{F9BDAE50-414B-473E-969D-D493781B02FE}.Release|x64.Build.0 = Release|x64
		{F9BDAE50-414B-473E-969D-D493781B02FE}.Release|x86.ActiveCfg = Release|Win32
		{F9BDAE50-414B-473E-969D-D493781B02FE}.Release|x86.Build.0 = Release|Win32
		{742548A9-663B-41F0-82A8-04598AF95A34}.Debug|x64.ActiveCfg = Debug|x64
		{742548A9-663B-41F0-82A8-04598AF95A34}.Debug|x64.Build.0 = Debug|x64
		{742548A9-663B-41F0-82A8-04598AF95A34}.Debug|x86.ActiveCfg = Debug|Win32
		{742548A9-663B-41F0-82A8-04598AF95A34}.Debug|x86.Build.0 = Debug|Win32
		{742548A9-663B-41F0-82A8-04598AF95A34}.Release|x64.ActiveCfg = Release|x64
		{742548A9-663B-41F0-82A8-04598AF95A34}.Release|x64.Build.0 = Release|x64
		{742548A9-663B-41F0-82A8-04598AF95A34}.Release|x86.ActiveCfg = Release|Win32
		{742548A9-663B-41F0-82A8-04598AF95A34}.Release|x86.Build.0 = Release|Win32
		{EFB672A4-FDC1-41D4-A7F2-1D488FFF8C42}.Debug|x64.ActiveCfg = Debug|x64
		{EFB672A4-FDC1-41D4-A7F2-1D488FFF8C42}.Debug|x64.Build.0 = Debug|x64
		{EFB672A4-FDC1-41D4-A7F2-1D488FFF8C42}.Debug|x86.ActiveCfg = Debug|Win32
		{EFB672A4-FDC1-41D4-A7F2-1D488FFF8C42}.Debug|x86.Build.0 = Debug|Win32
		{EFB672A4-FDC1-41D4-A7F2-1D488FFF8C42}.Release|x64.ActiveCfg = Release|x64
		{EFB672A4-FDC1-41D4-A7F2-1D488FFF8C42}.Release|x64.Build.0 = Release|x64
		{EFB672A4-FDC1-41D4-A7F2-1D488FFF8C42}.Release|x86.ActiveCfg = Release|Win32
		{EFB672A4-FDC1-41D4-A7F2-1D488FFF8C42}.Release|x86.Build.0 = Release|Win32
		{50D8337B-ADC9-4F72-8D8A-41271254763B}.Debug|x64.ActiveCfg = Debug|x64
		{50D8337B-ADC9-4F72-8D8A-41271254763B}.Debug|x64.Build.0 = Debug|x64
		{50D8337B-ADC9-4F72-8D8A-41271254763B}.Debug|x86.ActiveCfg = Debug|Win32
		{50D8337B-ADC9-4F72-8D8A-41271254763B}.Debug|x86.Build.0 = Debug|Win32
		{50D8337B-ADC9-4F72-8D8A-41271254763B}.Release|x64.ActiveCfg = Release|x64
		{50D8337B-ADC9-4F72-8D8A-41271254763B}.Release|x64.Build.0 = Release|x64
		{50D8337B-ADC9-4F72-8D8A-41271254763B}.Release|x86.ActiveCfg = Release|Win32
		{50D8337B-ADC9-4F72-8D8A-41271254763B}.Release|x86.Build.0 = Release|Win32
		{79D38267-5A31-44C2-9D51-05F74171BB14}.Debug|x64.ActiveCfg = Debug|x64
		{79D38267-5A31-44C2-9D51-05F74171BB14}.Debug|x64.Build.0 = Debug|x64
		{79D38267-5A31-44C2-9D51-05F74171BB14}.Debug|x86.ActiveCfg = Debug|Win32
		{79D38267-5A31-44C2-9D51-05F74171BB14}.Debug|x86.Build.0 = Debug|Win32
		{79D38267-5A31-44C2-9D51-05F74171BB14}.Release|x64.ActiveCfg = Release|x64
		{79D38267-5A31-44C2-9D51-05F74171BB14}.Release|x64.Build.0 = Release|x64
		{79D38267-5A31-44C2-9D51-05F74171BB14}.Release|x86.ActiveCfg = Release|Win32
		{79D38267-5A31-44C2-9D51-05F74171BB14}.Release|x86.Build.0 = Release|Win32
	EndGlobalSection
	GlobalSection(SolutionProperties) = preSolution
		HideSolutionNode = FALSE
	EndGlobalSection
	GlobalSection(ExtensibilityGlobals) = postSolution
		SolutionGuid = {84B181F8-13F3-455A-81F2-1D7E2187577F}
	EndGlobalSection
EndGlobal
