
Microsoft Visual Studio Solution File, Format Version 12.00
# Visual Studio Version 17
VisualStudioVersion = 17.9.34728.123
MinimumVisualStudioVersion = 10.0.40219.1
Project("{8BC9CEB8-8B4A-11D0-8D11-00A0C91BC942}") = "Program", "Program.vcxproj", "{08F2BB1A-B254-4EB3-8A7C-61DE85AC966D}"
EndProject
Project("{8BC9CEB8-8B4A-11D0-8D11-00A0C91BC942}") = "Class1th (Stream)", "..\Class1th (Stream)\Class1th (Stream).vcxproj", "{76DE86DA-AC78-4C3B-8B02-67298B7A34D4}"
EndProject
Project("{8BC9CEB8-8B4A-11D0-8D11-00A0C91BC942}") = "Class2th (Class)", "..\Class2th (Class)\Class2th (Class).vcxproj", "{08DFC8EF-EFDB-4993-8CC7-529A63C844E0}"
EndProject
Project("{8BC9CEB8-8B4A-11D0-8D11-00A0C91BC942}") = "Class3th (Constructor & Destructor)", "..\Class3th (Constructor & Destructor)\Class3th (Constructor & Destructor).vcxproj", "{5D9DC7E6-50F4-48FD-9708-31777EECBCB8}"
EndProject
Project("{8BC9CEB8-8B4A-11D0-8D11-00A0C91BC942}") = "Class4th (Inheritance)", "..\Class4th (Inheritance)\Class4th (Inheritance).vcxproj", "{EDAC2AAC-54C4-471C-A84A-76DEF3E150A2}"
EndProject
Project("{8BC9CEB8-8B4A-11D0-8D11-00A0C91BC942}") = "Class5th (Polymorphism)", "..\Class5th (Polymorphism)\Class5th (Polymorphism).vcxproj", "{85AEC590-DA24-4C7B-970F-D063C960E255}"
EndProject
Project("{8BC9CEB8-8B4A-11D0-8D11-00A0C91BC942}") = "Class6th (Abstract)", "..\Class6th (Abstract)\Class6th (Abstract).vcxproj", "{1D465F02-899B-467F-8965-2544CA4DE108}"
EndProject
Project("{8BC9CEB8-8B4A-11D0-8D11-00A0C91BC942}") = "Class7th (Encapsulation)", "..\Class7th (Encapsulation)\Class7th (Encapsulation).vcxproj", "{4C3B7D83-7609-44E2-A83A-6F7F8F1BC5E9}"
EndProject
Project("{8BC9CEB8-8B4A-11D0-8D11-00A0C91BC942}") = "Class8th (Template)", "..\Class8th (Template)\Class8th (Template).vcxproj", "{0B115164-5359-46B9-B06A-BDFE2FAE1C51}"
EndProject
Project("{8BC9CEB8-8B4A-11D0-8D11-00A0C91BC942}") = "Class9th (Smart Pointer)", "..\Class9th (Smart Pointer)\Class9th (Smart Pointer).vcxproj", "{71B2901A-C9D4-4C57-9BCB-C456446C2CB4}"
EndProject
Project("{8BC9CEB8-8B4A-11D0-8D11-00A0C91BC942}") = "Class10th (Linear Container)", "..\Class10th (Linear Container)\Class10th (Linear Container).vcxproj", "{78840EB8-AD78-4A17-B248-E54FB056CA6C}"
EndProject
Project("{8BC9CEB8-8B4A-11D0-8D11-00A0C91BC942}") = "Class11th (Container Adapter)", "..\Class11th (Container Adapter)\Class11th (Container Adapter).vcxproj", "{D8DA6D50-2157-486E-9F0F-9017EF24D0BD}"
EndProject
Global
	GlobalSection(SolutionConfigurationPlatforms) = preSolution
		Debug|x64 = Debug|x64
		Debug|x86 = Debug|x86
		Release|x64 = Release|x64
		Release|x86 = Release|x86
	EndGlobalSection
	GlobalSection(ProjectConfigurationPlatforms) = postSolution
		{08F2BB1A-B254-4EB3-8A7C-61DE85AC966D}.Debug|x64.ActiveCfg = Debug|x64
		{08F2BB1A-B254-4EB3-8A7C-61DE85AC966D}.Debug|x64.Build.0 = Debug|x64
		{08F2BB1A-B254-4EB3-8A7C-61DE85AC966D}.Debug|x86.ActiveCfg = Debug|Win32
		{08F2BB1A-B254-4EB3-8A7C-61DE85AC966D}.Debug|x86.Build.0 = Debug|Win32
		{08F2BB1A-B254-4EB3-8A7C-61DE85AC966D}.Release|x64.ActiveCfg = Release|x64
		{08F2BB1A-B254-4EB3-8A7C-61DE85AC966D}.Release|x64.Build.0 = Release|x64
		{08F2BB1A-B254-4EB3-8A7C-61DE85AC966D}.Release|x86.ActiveCfg = Release|Win32
		{08F2BB1A-B254-4EB3-8A7C-61DE85AC966D}.Release|x86.Build.0 = Release|Win32
		{76DE86DA-AC78-4C3B-8B02-67298B7A34D4}.Debug|x64.ActiveCfg = Debug|x64
		{76DE86DA-AC78-4C3B-8B02-67298B7A34D4}.Debug|x64.Build.0 = Debug|x64
		{76DE86DA-AC78-4C3B-8B02-67298B7A34D4}.Debug|x86.ActiveCfg = Debug|Win32
		{76DE86DA-AC78-4C3B-8B02-67298B7A34D4}.Debug|x86.Build.0 = Debug|Win32
		{76DE86DA-AC78-4C3B-8B02-67298B7A34D4}.Release|x64.ActiveCfg = Release|x64
		{76DE86DA-AC78-4C3B-8B02-67298B7A34D4}.Release|x64.Build.0 = Release|x64
		{76DE86DA-AC78-4C3B-8B02-67298B7A34D4}.Release|x86.ActiveCfg = Release|Win32
		{76DE86DA-AC78-4C3B-8B02-67298B7A34D4}.Release|x86.Build.0 = Release|Win32
		{08DFC8EF-EFDB-4993-8CC7-529A63C844E0}.Debug|x64.ActiveCfg = Debug|x64
		{08DFC8EF-EFDB-4993-8CC7-529A63C844E0}.Debug|x64.Build.0 = Debug|x64
		{08DFC8EF-EFDB-4993-8CC7-529A63C844E0}.Debug|x86.ActiveCfg = Debug|Win32
		{08DFC8EF-EFDB-4993-8CC7-529A63C844E0}.Debug|x86.Build.0 = Debug|Win32
		{08DFC8EF-EFDB-4993-8CC7-529A63C844E0}.Release|x64.ActiveCfg = Release|x64
		{08DFC8EF-EFDB-4993-8CC7-529A63C844E0}.Release|x64.Build.0 = Release|x64
		{08DFC8EF-EFDB-4993-8CC7-529A63C844E0}.Release|x86.ActiveCfg = Release|Win32
		{08DFC8EF-EFDB-4993-8CC7-529A63C844E0}.Release|x86.Build.0 = Release|Win32
		{5D9DC7E6-50F4-48FD-9708-31777EECBCB8}.Debug|x64.ActiveCfg = Debug|x64
		{5D9DC7E6-50F4-48FD-9708-31777EECBCB8}.Debug|x64.Build.0 = Debug|x64
		{5D9DC7E6-50F4-48FD-9708-31777EECBCB8}.Debug|x86.ActiveCfg = Debug|Win32
		{5D9DC7E6-50F4-48FD-9708-31777EECBCB8}.Debug|x86.Build.0 = Debug|Win32
		{5D9DC7E6-50F4-48FD-9708-31777EECBCB8}.Release|x64.ActiveCfg = Release|x64
		{5D9DC7E6-50F4-48FD-9708-31777EECBCB8}.Release|x64.Build.0 = Release|x64
		{5D9DC7E6-50F4-48FD-9708-31777EECBCB8}.Release|x86.ActiveCfg = Release|Win32
		{5D9DC7E6-50F4-48FD-9708-31777EECBCB8}.Release|x86.Build.0 = Release|Win32
		{EDAC2AAC-54C4-471C-A84A-76DEF3E150A2}.Debug|x64.ActiveCfg = Debug|x64
		{EDAC2AAC-54C4-471C-A84A-76DEF3E150A2}.Debug|x64.Build.0 = Debug|x64
		{EDAC2AAC-54C4-471C-A84A-76DEF3E150A2}.Debug|x86.ActiveCfg = Debug|Win32
		{EDAC2AAC-54C4-471C-A84A-76DEF3E150A2}.Debug|x86.Build.0 = Debug|Win32
		{EDAC2AAC-54C4-471C-A84A-76DEF3E150A2}.Release|x64.ActiveCfg = Release|x64
		{EDAC2AAC-54C4-471C-A84A-76DEF3E150A2}.Release|x64.Build.0 = Release|x64
		{EDAC2AAC-54C4-471C-A84A-76DEF3E150A2}.Release|x86.ActiveCfg = Release|Win32
		{EDAC2AAC-54C4-471C-A84A-76DEF3E150A2}.Release|x86.Build.0 = Release|Win32
		{85AEC590-DA24-4C7B-970F-D063C960E255}.Debug|x64.ActiveCfg = Debug|x64
		{85AEC590-DA24-4C7B-970F-D063C960E255}.Debug|x64.Build.0 = Debug|x64
		{85AEC590-DA24-4C7B-970F-D063C960E255}.Debug|x86.ActiveCfg = Debug|Win32
		{85AEC590-DA24-4C7B-970F-D063C960E255}.Debug|x86.Build.0 = Debug|Win32
		{85AEC590-DA24-4C7B-970F-D063C960E255}.Release|x64.ActiveCfg = Release|x64
		{85AEC590-DA24-4C7B-970F-D063C960E255}.Release|x64.Build.0 = Release|x64
		{85AEC590-DA24-4C7B-970F-D063C960E255}.Release|x86.ActiveCfg = Release|Win32
		{85AEC590-DA24-4C7B-970F-D063C960E255}.Release|x86.Build.0 = Release|Win32
		{1D465F02-899B-467F-8965-2544CA4DE108}.Debug|x64.ActiveCfg = Debug|x64
		{1D465F02-899B-467F-8965-2544CA4DE108}.Debug|x64.Build.0 = Debug|x64
		{1D465F02-899B-467F-8965-2544CA4DE108}.Debug|x86.ActiveCfg = Debug|Win32
		{1D465F02-899B-467F-8965-2544CA4DE108}.Debug|x86.Build.0 = Debug|Win32
		{1D465F02-899B-467F-8965-2544CA4DE108}.Release|x64.ActiveCfg = Release|x64
		{1D465F02-899B-467F-8965-2544CA4DE108}.Release|x64.Build.0 = Release|x64
		{1D465F02-899B-467F-8965-2544CA4DE108}.Release|x86.ActiveCfg = Release|Win32
		{1D465F02-899B-467F-8965-2544CA4DE108}.Release|x86.Build.0 = Release|Win32
		{4C3B7D83-7609-44E2-A83A-6F7F8F1BC5E9}.Debug|x64.ActiveCfg = Debug|x64
		{4C3B7D83-7609-44E2-A83A-6F7F8F1BC5E9}.Debug|x64.Build.0 = Debug|x64
		{4C3B7D83-7609-44E2-A83A-6F7F8F1BC5E9}.Debug|x86.ActiveCfg = Debug|Win32
		{4C3B7D83-7609-44E2-A83A-6F7F8F1BC5E9}.Debug|x86.Build.0 = Debug|Win32
		{4C3B7D83-7609-44E2-A83A-6F7F8F1BC5E9}.Release|x64.ActiveCfg = Release|x64
		{4C3B7D83-7609-44E2-A83A-6F7F8F1BC5E9}.Release|x64.Build.0 = Release|x64
		{4C3B7D83-7609-44E2-A83A-6F7F8F1BC5E9}.Release|x86.ActiveCfg = Release|Win32
		{4C3B7D83-7609-44E2-A83A-6F7F8F1BC5E9}.Release|x86.Build.0 = Release|Win32
		{0B115164-5359-46B9-B06A-BDFE2FAE1C51}.Debug|x64.ActiveCfg = Debug|x64
		{0B115164-5359-46B9-B06A-BDFE2FAE1C51}.Debug|x64.Build.0 = Debug|x64
		{0B115164-5359-46B9-B06A-BDFE2FAE1C51}.Debug|x86.ActiveCfg = Debug|Win32
		{0B115164-5359-46B9-B06A-BDFE2FAE1C51}.Debug|x86.Build.0 = Debug|Win32
		{0B115164-5359-46B9-B06A-BDFE2FAE1C51}.Release|x64.ActiveCfg = Release|x64
		{0B115164-5359-46B9-B06A-BDFE2FAE1C51}.Release|x64.Build.0 = Release|x64
		{0B115164-5359-46B9-B06A-BDFE2FAE1C51}.Release|x86.ActiveCfg = Release|Win32
		{0B115164-5359-46B9-B06A-BDFE2FAE1C51}.Release|x86.Build.0 = Release|Win32
		{71B2901A-C9D4-4C57-9BCB-C456446C2CB4}.Debug|x64.ActiveCfg = Debug|x64
		{71B2901A-C9D4-4C57-9BCB-C456446C2CB4}.Debug|x64.Build.0 = Debug|x64
		{71B2901A-C9D4-4C57-9BCB-C456446C2CB4}.Debug|x86.ActiveCfg = Debug|Win32
		{71B2901A-C9D4-4C57-9BCB-C456446C2CB4}.Debug|x86.Build.0 = Debug|Win32
		{71B2901A-C9D4-4C57-9BCB-C456446C2CB4}.Release|x64.ActiveCfg = Release|x64
		{71B2901A-C9D4-4C57-9BCB-C456446C2CB4}.Release|x64.Build.0 = Release|x64
		{71B2901A-C9D4-4C57-9BCB-C456446C2CB4}.Release|x86.ActiveCfg = Release|Win32
		{71B2901A-C9D4-4C57-9BCB-C456446C2CB4}.Release|x86.Build.0 = Release|Win32
		{78840EB8-AD78-4A17-B248-E54FB056CA6C}.Debug|x64.ActiveCfg = Debug|x64
		{78840EB8-AD78-4A17-B248-E54FB056CA6C}.Debug|x64.Build.0 = Debug|x64
		{78840EB8-AD78-4A17-B248-E54FB056CA6C}.Debug|x86.ActiveCfg = Debug|Win32
		{78840EB8-AD78-4A17-B248-E54FB056CA6C}.Debug|x86.Build.0 = Debug|Win32
		{78840EB8-AD78-4A17-B248-E54FB056CA6C}.Release|x64.ActiveCfg = Release|x64
		{78840EB8-AD78-4A17-B248-E54FB056CA6C}.Release|x64.Build.0 = Release|x64
		{78840EB8-AD78-4A17-B248-E54FB056CA6C}.Release|x86.ActiveCfg = Release|Win32
		{78840EB8-AD78-4A17-B248-E54FB056CA6C}.Release|x86.Build.0 = Release|Win32
		{D8DA6D50-2157-486E-9F0F-9017EF24D0BD}.Debug|x64.ActiveCfg = Debug|x64
		{D8DA6D50-2157-486E-9F0F-9017EF24D0BD}.Debug|x64.Build.0 = Debug|x64
		{D8DA6D50-2157-486E-9F0F-9017EF24D0BD}.Debug|x86.ActiveCfg = Debug|Win32
		{D8DA6D50-2157-486E-9F0F-9017EF24D0BD}.Debug|x86.Build.0 = Debug|Win32
		{D8DA6D50-2157-486E-9F0F-9017EF24D0BD}.Release|x64.ActiveCfg = Release|x64
		{D8DA6D50-2157-486E-9F0F-9017EF24D0BD}.Release|x64.Build.0 = Release|x64
		{D8DA6D50-2157-486E-9F0F-9017EF24D0BD}.Release|x86.ActiveCfg = Release|Win32
		{D8DA6D50-2157-486E-9F0F-9017EF24D0BD}.Release|x86.Build.0 = Release|Win32
	EndGlobalSection
	GlobalSection(SolutionProperties) = preSolution
		HideSolutionNode = FALSE
	EndGlobalSection
	GlobalSection(ExtensibilityGlobals) = postSolution
		SolutionGuid = {625871EA-B0DA-4384-A6E7-0064FDF9992B}
	EndGlobalSection
EndGlobal
